{
  "nodes": {
    "aquamarine": {
      "inputs": {
        "hyprutils": [
          "hy3",
          "hyprland",
          "hyprutils"
        ],
        "hyprwayland-scanner": [
          "hy3",
          "hyprland",
          "hyprwayland-scanner"
        ],
        "nixpkgs": [
          "hy3",
          "hyprland",
          "nixpkgs"
        ],
        "systems": [
          "hy3",
          "hyprland",
          "systems"
        ]
      },
      "locked": {
        "lastModified": 1767024902,
        "narHash": "sha256-sMdk6QkMDhIOnvULXKUM8WW8iyi551SWw2i6KQHbrrU=",
        "owner": "hyprwm",
        "repo": "aquamarine",
        "rev": "b8a0c5ba5a9fbd2c660be7dd98bdde0ff3798556",
        "type": "github"
      },
      "original": {
        "owner": "hyprwm",
        "repo": "aquamarine",
        "type": "github"
      }
    },
    "base16": {
      "inputs": {
        "fromYaml": "fromYaml"
      },
      "locked": {
        "lastModified": 1755819240,
        "narHash": "sha256-qcMhnL7aGAuFuutH4rq9fvAhCpJWVHLcHVZLtPctPlo=",
        "owner": "SenchoPens",
        "repo": "base16.nix",
        "rev": "75ed5e5e3fce37df22e49125181fa37899c3ccd6",
        "type": "github"
      },
      "original": {
        "owner": "SenchoPens",
        "repo": "base16.nix",
        "type": "github"
      }
    },
    "base16-fish": {
      "flake": false,
      "locked": {
        "lastModified": 1765809053,
        "narHash": "sha256-XCUQLoLfBJ8saWms2HCIj4NEN+xNsWBlU1NrEPcQG4s=",
        "owner": "tomyun",
        "repo": "base16-fish",
        "rev": "86cbea4dca62e08fb7fd83a70e96472f92574782",
        "type": "github"
      },
      "original": {
        "owner": "tomyun",
        "repo": "base16-fish",
        "rev": "86cbea4dca62e08fb7fd83a70e96472f92574782",
        "type": "github"
      }
    },
    "base16-helix": {
      "flake": false,
      "locked": {
        "lastModified": 1760703920,
        "narHash": "sha256-m82fGUYns4uHd+ZTdoLX2vlHikzwzdu2s2rYM2bNwzw=",
        "owner": "tinted-theming",
        "repo": "base16-helix",
        "rev": "d646af9b7d14bff08824538164af99d0c521b185",
        "type": "github"
      },
      "original": {
        "owner": "tinted-theming",
        "repo": "base16-helix",
        "type": "github"
      }
    },
    "base16-vim": {
      "flake": false,
      "locked": {
        "lastModified": 1732806396,
        "narHash": "sha256-e0bpPySdJf0F68Ndanwm+KWHgQiZ0s7liLhvJSWDNsA=",
        "owner": "tinted-theming",
        "repo": "base16-vim",
        "rev": "577fe8125d74ff456cf942c733a85d769afe58b7",
        "type": "github"
      },
      "original": {
        "owner": "tinted-theming",
        "repo": "base16-vim",
        "rev": "577fe8125d74ff456cf942c733a85d769afe58b7",
        "type": "github"
      }
    },
    "catppuccin-delta": {
      "flake": false,
      "locked": {
        "lastModified": 1760466394,
        "narHash": "sha256-NjqqB/BHqduiNWKeksiRZUMfjRUodJlsVu1yaEIZRsM=",
        "owner": "catppuccin",
        "repo": "delta",
        "rev": "74b47a345638a2f19b3e5bdb9d7e4984066f9ac7",
        "type": "github"
      },
      "original": {
        "owner": "catppuccin",
        "repo": "delta",
        "type": "github"
      }
    },
    "firefox-gnome-theme": {
      "flake": false,
      "locked": {
        "lastModified": 1764873433,
        "narHash": "sha256-1XPewtGMi+9wN9Ispoluxunw/RwozuTRVuuQOmxzt+A=",
        "owner": "rafaelmardojai",
        "repo": "firefox-gnome-theme",
        "rev": "f7ffd917ac0d253dbd6a3bf3da06888f57c69f92",
        "type": "github"
      },
      "original": {
        "owner": "rafaelmardojai",
        "repo": "firefox-gnome-theme",
        "type": "github"
      }
    },
    "flake-compat": {
      "flake": false,
      "locked": {
        "lastModified": 1767039857,
        "narHash": "sha256-vNpUSpF5Nuw8xvDLj2KCwwksIbjua2LZCqhV1LNRDns=",
        "owner": "NixOS",
        "repo": "flake-compat",
        "rev": "5edf11c44bc78a0d334f6334cdaf7d60d732daab",
        "type": "github"
      },
      "original": {
        "owner": "NixOS",
        "repo": "flake-compat",
        "type": "github"
      }
    },
    "flake-parts": {
      "inputs": {
        "nixpkgs-lib": [
          "stylix",
          "nixpkgs"
        ]
      },
      "locked": {
        "lastModified": 1767609335,
        "narHash": "sha256-feveD98mQpptwrAEggBQKJTYbvwwglSbOv53uCfH9PY=",
        "owner": "hercules-ci",
        "repo": "flake-parts",
        "rev": "250481aafeb741edfe23d29195671c19b36b6dca",
        "type": "github"
      },
      "original": {
        "owner": "hercules-ci",
        "repo": "flake-parts",
        "type": "github"
      }
    },
    "fromYaml": {
      "flake": false,
      "locked": {
        "lastModified": 1731966426,
        "narHash": "sha256-lq95WydhbUTWig/JpqiB7oViTcHFP8Lv41IGtayokA8=",
        "owner": "SenchoPens",
        "repo": "fromYaml",
        "rev": "106af9e2f715e2d828df706c386a685698f3223b",
        "type": "github"
      },
      "original": {
        "owner": "SenchoPens",
        "repo": "fromYaml",
        "type": "github"
      }
    },
    "gitignore": {
      "inputs": {
        "nixpkgs": [
          "hy3",
          "hyprland",
          "pre-commit-hooks",
          "nixpkgs"
        ]
      },
      "locked": {
        "lastModified": 1709087332,
        "narHash": "sha256-HG2cCnktfHsKV0s4XW83gU3F57gaTljL9KNSuG6bnQs=",
        "owner": "hercules-ci",
        "repo": "gitignore.nix",
        "rev": "637db329424fd7e46cf4185293b9cc8c88c95394",
        "type": "github"
      },
      "original": {
        "owner": "hercules-ci",
        "repo": "gitignore.nix",
        "type": "github"
      }
    },
    "gnome-shell": {
      "flake": false,
      "locked": {
        "host": "gitlab.gnome.org",
        "lastModified": 1767737596,
        "narHash": "sha256-eFujfIUQDgWnSJBablOuG+32hCai192yRdrNHTv0a+s=",
        "owner": "GNOME",
        "repo": "gnome-shell",
        "rev": "ef02db02bf0ff342734d525b5767814770d85b49",
        "type": "gitlab"
      },
      "original": {
        "host": "gitlab.gnome.org",
        "owner": "GNOME",
        "ref": "gnome-49",
        "repo": "gnome-shell",
        "type": "gitlab"
      }
    },
    "home-manager": {
      "inputs": {
        "nixpkgs": [
          "nixpkgs"
        ]
      },
      "locked": {
        "lastModified": 1770318660,
        "narHash": "sha256-yFVde8QZK7Dc0Xa8eQDsmxLX4NJNfL1NKfctSyiQgMY=",
        "owner": "nix-community",
        "repo": "home-manager",
        "rev": "471e6a065f9efed51488d7c51a9abbd387df91b8",
        "type": "github"
      },
      "original": {
        "owner": "nix-community",
        "repo": "home-manager",
        "type": "github"
      }
    },
    "hy3": {
      "inputs": {
        "hyprland": "hyprland"
      },
      "locked": {
        "lastModified": 1769305838,
        "narHash": "sha256-f052D0lVIKCSiBVcOaw8/L5L8nF1z/WjWOMfkRGQKRo=",
        "owner": "outfoxxed",
        "repo": "hy3",
        "rev": "962580115a99d5fb29c22ae4098353cf39a56e6f",
        "type": "github"
      },
      "original": {
        "owner": "outfoxxed",
        "repo": "hy3",
        "type": "github"
      }
    },
    "hyprcursor": {
      "inputs": {
        "hyprlang": [
          "hy3",
          "hyprland",
          "hyprlang"
        ],
        "nixpkgs": [
          "hy3",
          "hyprland",
          "nixpkgs"
        ],
        "systems": [
          "hy3",
          "hyprland",
          "systems"
        ]
      },
      "locked": {
        "lastModified": 1753964049,
        "narHash": "sha256-lIqabfBY7z/OANxHoPeIrDJrFyYy9jAM4GQLzZ2feCM=",
        "owner": "hyprwm",
        "repo": "hyprcursor",
        "rev": "44e91d467bdad8dcf8bbd2ac7cf49972540980a5",
        "type": "github"
      },
      "original": {
        "owner": "hyprwm",
        "repo": "hyprcursor",
        "type": "github"
      }
    },
    "hyprgraphics": {
      "inputs": {
        "hyprutils": [
          "hy3",
          "hyprland",
          "hyprutils"
        ],
        "nixpkgs": [
          "hy3",
          "hyprland",
          "nixpkgs"
        ],
        "systems": [
          "hy3",
          "hyprland",
          "systems"
        ]
      },
      "locked": {
        "lastModified": 1766946335,
        "narHash": "sha256-MRD+Jr2bY11MzNDfenENhiK6pvN+nHygxdHoHbZ1HtE=",
        "owner": "hyprwm",
        "repo": "hyprgraphics",
        "rev": "4af02a3925b454deb1c36603843da528b67ded6c",
        "type": "github"
      },
      "original": {
        "owner": "hyprwm",
        "repo": "hyprgraphics",
        "type": "github"
      }
    },
    "hyprland": {
      "inputs": {
        "aquamarine": "aquamarine",
        "hyprcursor": "hyprcursor",
        "hyprgraphics": "hyprgraphics",
        "hyprland-guiutils": "hyprland-guiutils",
        "hyprland-protocols": "hyprland-protocols",
        "hyprlang": "hyprlang",
        "hyprutils": "hyprutils",
        "hyprwayland-scanner": "hyprwayland-scanner",
        "hyprwire": "hyprwire",
        "nixpkgs": "nixpkgs",
        "pre-commit-hooks": "pre-commit-hooks",
        "systems": "systems",
        "xdph": "xdph"
      },
      "locked": {
        "lastModified": 1768908865,
        "narHash": "sha256-KkzYP2+FVo3wIb2oom2BT7RRGmlvTiEaDJApCpTdcWw=",
        "owner": "hyprwm",
        "repo": "hyprland",
        "rev": "8f547c6fa089f91e7577947c426f692397e9a5cb",
        "type": "github"
      },
      "original": {
        "owner": "hyprwm",
        "repo": "hyprland",
        "rev": "8f547c6fa089f91e7577947c426f692397e9a5cb",
        "type": "github"
      }
    },
    "hyprland-guiutils": {
      "inputs": {
        "aquamarine": [
          "hy3",
          "hyprland",
          "aquamarine"
        ],
        "hyprgraphics": [
          "hy3",
          "hyprland",
          "hyprgraphics"
        ],
        "hyprlang": [
          "hy3",
          "hyprland",
          "hyprlang"
        ],
        "hyprtoolkit": "hyprtoolkit",
        "hyprutils": [
          "hy3",
          "hyprland",
          "hyprutils"
        ],
        "hyprwayland-scanner": [
          "hy3",
          "hyprland",
          "hyprwayland-scanner"
        ],
        "nixpkgs": [
          "hy3",
          "hyprland",
          "nixpkgs"
        ],
        "systems": [
          "hy3",
          "hyprland",
          "systems"
        ]
      },
      "locked": {
        "lastModified": 1767023960,
        "narHash": "sha256-R2HgtVS1G3KSIKAQ77aOZ+Q0HituOmPgXW9nBNkpp3Q=",
        "owner": "hyprwm",
        "repo": "hyprland-guiutils",
        "rev": "c2e906261142f5dd1ee0bfc44abba23e2754c660",
        "type": "github"
      },
      "original": {
        "owner": "hyprwm",
        "repo": "hyprland-guiutils",
        "type": "github"
      }
    },
    "hyprland-protocols": {
      "inputs": {
        "nixpkgs": [
          "hy3",
          "hyprland",
          "nixpkgs"
        ],
        "systems": [
          "hy3",
          "hyprland",
          "systems"
        ]
      },
      "locked": {
        "lastModified": 1765214753,
        "narHash": "sha256-P9zdGXOzToJJgu5sVjv7oeOGPIIwrd9hAUAP3PsmBBs=",
        "owner": "hyprwm",
        "repo": "hyprland-protocols",
        "rev": "3f3860b869014c00e8b9e0528c7b4ddc335c21ab",
        "type": "github"
      },
      "original": {
        "owner": "hyprwm",
        "repo": "hyprland-protocols",
        "type": "github"
      }
    },
    "hyprlang": {
      "inputs": {
        "hyprutils": [
          "hy3",
          "hyprland",
          "hyprutils"
        ],
        "nixpkgs": [
          "hy3",
          "hyprland",
          "nixpkgs"
        ],
        "systems": [
          "hy3",
          "hyprland",
          "systems"
        ]
      },
      "locked": {
        "lastModified": 1764612430,
        "narHash": "sha256-54ltTSbI6W+qYGMchAgCR6QnC1kOdKXN6X6pJhOWxFg=",
        "owner": "hyprwm",
        "repo": "hyprlang",
        "rev": "0d00dc118981531aa731150b6ea551ef037acddd",
        "type": "github"
      },
      "original": {
        "owner": "hyprwm",
        "repo": "hyprlang",
        "type": "github"
      }
    },
    "hyprtoolkit": {
      "inputs": {
        "aquamarine": [
          "hy3",
          "hyprland",
          "hyprland-guiutils",
          "aquamarine"
        ],
        "hyprgraphics": [
          "hy3",
          "hyprland",
          "hyprland-guiutils",
          "hyprgraphics"
        ],
        "hyprlang": [
          "hy3",
          "hyprland",
          "hyprland-guiutils",
          "hyprlang"
        ],
        "hyprutils": [
          "hy3",
          "hyprland",
          "hyprland-guiutils",
          "hyprutils"
        ],
        "hyprwayland-scanner": [
          "hy3",
          "hyprland",
          "hyprland-guiutils",
          "hyprwayland-scanner"
        ],
        "nixpkgs": [
          "hy3",
          "hyprland",
          "hyprland-guiutils",
          "nixpkgs"
        ],
        "systems": [
          "hy3",
          "hyprland",
          "hyprland-guiutils",
          "systems"
        ]
      },
      "locked": {
        "lastModified": 1764592794,
        "narHash": "sha256-7CcO+wbTJ1L1NBQHierHzheQGPWwkIQug/w+fhTAVuU=",
        "owner": "hyprwm",
        "repo": "hyprtoolkit",
        "rev": "5cfe0743f0e608e1462972303778d8a0859ee63e",
        "type": "github"
      },
      "original": {
        "owner": "hyprwm",
        "repo": "hyprtoolkit",
        "type": "github"
      }
    },
    "hyprutils": {
      "inputs": {
        "nixpkgs": [
          "hy3",
          "hyprland",
          "nixpkgs"
        ],
        "systems": [
          "hy3",
          "hyprland",
          "systems"
        ]
      },
      "locked": {
        "lastModified": 1766253372,
        "narHash": "sha256-1+p4Kw8HdtMoFSmJtfdwjxM4bPxDK9yg27SlvUMpzWA=",
        "owner": "hyprwm",
        "repo": "hyprutils",
        "rev": "51a4f93ce8572e7b12b7284eb9e6e8ebf16b4be9",
        "type": "github"
      },
      "original": {
        "owner": "hyprwm",
        "repo": "hyprutils",
        "type": "github"
      }
    },
    "hyprwayland-scanner": {
      "inputs": {
        "nixpkgs": [
          "hy3",
          "hyprland",
          "nixpkgs"
        ],
        "systems": [
          "hy3",
          "hyprland",
          "systems"
        ]
      },
      "locked": {
        "lastModified": 1763640274,
        "narHash": "sha256-Uan1Nl9i4TF/kyFoHnTq1bd/rsWh4GAK/9/jDqLbY5A=",
        "owner": "hyprwm",
        "repo": "hyprwayland-scanner",
        "rev": "f6cf414ca0e16a4d30198fd670ec86df3c89f671",
        "type": "github"
      },
      "original": {
        "owner": "hyprwm",
        "repo": "hyprwayland-scanner",
        "type": "github"
      }
    },
    "hyprwire": {
      "inputs": {
        "hyprutils": [
          "hy3",
          "hyprland",
          "hyprutils"
        ],
        "nixpkgs": [
          "hy3",
          "hyprland",
          "nixpkgs"
        ],
        "systems": [
          "hy3",
          "hyprland",
          "systems"
        ]
      },
      "locked": {
        "lastModified": 1767473322,
        "narHash": "sha256-RGOeG+wQHeJ6BKcsSB8r0ZU77g9mDvoQzoTKj2dFHwA=",
        "owner": "hyprwm",
        "repo": "hyprwire",
        "rev": "d5e7d6b49fe780353c1cf9a1cf39fa8970bd9d11",
        "type": "github"
      },
      "original": {
        "owner": "hyprwm",
        "repo": "hyprwire",
        "type": "github"
      }
    },
    "nh": {
      "inputs": {
        "nixpkgs": [
          "nixpkgs"
        ]
      },
      "locked": {
        "lastModified": 1769954458,
        "narHash": "sha256-aLWuo5CR5Mw20krNR0/JhZ1fC35PgJFAVWwtqIkkJAk=",
        "owner": "viperML",
        "repo": "nh",
        "rev": "8c5e29cdc321714d518c7d0c057b8d912c30448e",
        "type": "github"
      },
      "original": {
        "owner": "viperML",
        "repo": "nh",
        "type": "github"
      }
    },
    "nix-darwin": {
      "inputs": {
        "nixpkgs": [
          "nixpkgs"
        ]
      },
      "locked": {
        "lastModified": 1770184146,
        "narHash": "sha256-DsqnN6LvXmohTRaal7tVZO/AKBuZ02kPBiZKSU4qa/k=",
        "owner": "LnL7",
        "repo": "nix-darwin",
        "rev": "0d7874ef7e3ba02d58bebb871e6e29da36fa1b37",
        "type": "github"
      },
      "original": {
        "owner": "LnL7",
        "repo": "nix-darwin",
        "type": "github"
      }
    },
    "nix-rosetta-builder": {
      "inputs": {
        "nixos-generators": "nixos-generators",
        "nixpkgs": [
          "nixpkgs"
        ]
      },
      "locked": {
        "lastModified": 1756177999,
        "narHash": "sha256-aSbB7/jrt7ujiJ55f2uGhOo+usGxVSkqbAMVgg2jDls=",
        "owner": "cpick",
        "repo": "nix-rosetta-builder",
        "rev": "ebb7162a975074fb570a2c3ac02bc543ff2e9df4",
        "type": "github"
      },
      "original": {
        "owner": "cpick",
        "repo": "nix-rosetta-builder",
        "type": "github"
      }
    },
    "nixlib": {
      "locked": {
        "lastModified": 1736643958,
        "narHash": "sha256-tmpqTSWVRJVhpvfSN9KXBvKEXplrwKnSZNAoNPf/S/s=",
        "owner": "nix-community",
        "repo": "nixpkgs.lib",
        "rev": "1418bc28a52126761c02dd3d89b2d8ca0f521181",
        "type": "github"
      },
      "original": {
        "owner": "nix-community",
        "repo": "nixpkgs.lib",
        "type": "github"
      }
    },
    "nixos-generators": {
      "inputs": {
        "nixlib": "nixlib",
        "nixpkgs": [
          "nix-rosetta-builder",
          "nixpkgs"
        ]
      },
      "locked": {
        "lastModified": 1737057290,
        "narHash": "sha256-3Pe0yKlCc7EOeq1X/aJVDH0CtNL+tIBm49vpepwL1MQ=",
        "owner": "nix-community",
        "repo": "nixos-generators",
        "rev": "d002ce9b6e7eb467cd1c6bb9aef9c35d191b5453",
        "type": "github"
      },
      "original": {
        "owner": "nix-community",
        "repo": "nixos-generators",
        "type": "github"
      }
    },
    "nixpkgs": {
      "locked": {
        "lastModified": 1767379071,
        "narHash": "sha256-EgE0pxsrW9jp9YFMkHL9JMXxcqi/OoumPJYwf+Okucw=",
        "owner": "NixOS",
        "repo": "nixpkgs",
        "rev": "fb7944c166a3b630f177938e478f0378e64ce108",
        "type": "github"
      },
      "original": {
        "owner": "NixOS",
        "ref": "nixos-unstable",
        "repo": "nixpkgs",
        "type": "github"
      }
    },
    "nixpkgs_2": {
      "locked": {
        "lastModified": 1770197578,
        "narHash": "sha256-AYqlWrX09+HvGs8zM6ebZ1pwUqjkfpnv8mewYwAo+iM=",
        "owner": "NixOS",
        "repo": "nixpkgs",
        "rev": "00c21e4c93d963c50d4c0c89bfa84ed6e0694df2",
        "type": "github"
      },
      "original": {
        "owner": "NixOS",
        "ref": "nixos-unstable",
        "repo": "nixpkgs",
        "type": "github"
      }
    },
    "nur": {
      "inputs": {
        "flake-parts": [
          "stylix",
          "flake-parts"
        ],
        "nixpkgs": [
          "stylix",
          "nixpkgs"
        ]
      },
      "locked": {
        "lastModified": 1767810917,
        "narHash": "sha256-ZKqhk772+v/bujjhla9VABwcvz+hB2IaRyeLT6CFnT0=",
        "owner": "nix-community",
        "repo": "NUR",
        "rev": "dead29c804adc928d3a69dfe7f9f12d0eec1f1a4",
        "type": "github"
      },
      "original": {
        "owner": "nix-community",
        "repo": "NUR",
        "type": "github"
      }
    },
    "pre-commit-hooks": {
      "inputs": {
        "flake-compat": "flake-compat",
        "gitignore": "gitignore",
        "nixpkgs": [
          "hy3",
          "hyprland",
          "nixpkgs"
        ]
      },
      "locked": {
        "lastModified": 1767281941,
        "narHash": "sha256-6MkqajPICgugsuZ92OMoQcgSHnD6sJHwk8AxvMcIgTE=",
        "owner": "cachix",
        "repo": "git-hooks.nix",
        "rev": "f0927703b7b1c8d97511c4116eb9b4ec6645a0fa",
        "type": "github"
      },
      "original": {
        "owner": "cachix",
        "repo": "git-hooks.nix",
        "type": "github"
      }
    },
    "root": {
      "inputs": {
        "catppuccin-delta": "catppuccin-delta",
        "home-manager": "home-manager",
        "hy3": "hy3",
        "nh": "nh",
        "nix-darwin": "nix-darwin",
        "nix-rosetta-builder": "nix-rosetta-builder",
        "nixpkgs": "nixpkgs_2",
        "stylix": "stylix"
      }
    },
    "stylix": {
      "inputs": {
        "base16": "base16",
        "base16-fish": "base16-fish",
        "base16-helix": "base16-helix",
        "base16-vim": "base16-vim",
        "firefox-gnome-theme": "firefox-gnome-theme",
        "flake-parts": "flake-parts",
        "gnome-shell": "gnome-shell",
        "nixpkgs": [
          "nixpkgs"
        ],
        "nur": "nur",
        "systems": "systems_2",
        "tinted-foot": "tinted-foot",
        "tinted-kitty": "tinted-kitty",
        "tinted-schemes": "tinted-schemes",
        "tinted-tmux": "tinted-tmux",
        "tinted-zed": "tinted-zed"
      },
      "locked": {
        "lastModified": 1770308951,
        "narHash": "sha256-lrgu12dJyXkJ/5/9n4nBg7L9kjIZ8WL2Pub/598bdHE=",
        "owner": "nix-community",
        "repo": "stylix",
        "rev": "aa0272b6e0a96987885bb3738a43c02bfdeba1d5",
        "type": "github"
      },
      "original": {
        "owner": "nix-community",
        "repo": "stylix",
        "type": "github"
      }
    },
    "systems": {
      "locked": {
        "lastModified": 1689347949,
        "narHash": "sha256-12tWmuL2zgBgZkdoB6qXZsgJEH9LR3oUgpaQq2RbI80=",
        "owner": "nix-systems",
        "repo": "default-linux",
        "rev": "31732fcf5e8fea42e59c2488ad31a0e651500f68",
        "type": "github"
      },
      "original": {
        "owner": "nix-systems",
        "repo": "default-linux",
        "type": "github"
      }
    },
    "systems_2": {
      "locked": {
        "lastModified": 1681028828,
        "narHash": "sha256-Vy1rq5AaRuLzOxct8nz4T6wlgyUR7zLU309k9mBC768=",
        "owner": "nix-systems",
        "repo": "default",
        "rev": "da67096a3b9bf56a91d16901293e51ba5b49a27e",
        "type": "github"
      },
      "original": {
        "owner": "nix-systems",
        "repo": "default",
        "type": "github"
      }
    },
    "tinted-foot": {
      "flake": false,
      "locked": {
        "lastModified": 1726913040,
        "narHash": "sha256-+eDZPkw7efMNUf3/Pv0EmsidqdwNJ1TaOum6k7lngDQ=",
        "owner": "tinted-theming",
        "repo": "tinted-foot",
        "rev": "fd1b924b6c45c3e4465e8a849e67ea82933fcbe4",
        "type": "github"
      },
      "original": {
        "owner": "tinted-theming",
        "repo": "tinted-foot",
        "rev": "fd1b924b6c45c3e4465e8a849e67ea82933fcbe4",
        "type": "github"
      }
    },
    "tinted-kitty": {
      "flake": false,
      "locked": {
        "lastModified": 1735730497,
        "narHash": "sha256-4KtB+FiUzIeK/4aHCKce3V9HwRvYaxX+F1edUrfgzb8=",
        "owner": "tinted-theming",
        "repo": "tinted-kitty",
        "rev": "de6f888497f2c6b2279361bfc790f164bfd0f3fa",
        "type": "github"
      },
      "original": {
        "owner": "tinted-theming",
        "repo": "tinted-kitty",
        "type": "github"
      }
    },
    "tinted-schemes": {
      "flake": false,
      "locked": {
        "lastModified": 1767710407,
        "narHash": "sha256-+W1EB79Jl0/gm4JqmO0Nuc5C7hRdp4vfsV/VdzI+des=",
        "owner": "tinted-theming",
        "repo": "schemes",
        "rev": "2800e2b8ac90f678d7e4acebe4fa253f602e05b2",
        "type": "github"
      },
      "original": {
        "owner": "tinted-theming",
        "repo": "schemes",
        "type": "github"
      }
    },
    "tinted-tmux": {
      "flake": false,
      "locked": {
        "lastModified": 1767489635,
        "narHash": "sha256-e6nnFnWXKBCJjCv4QG4bbcouJ6y3yeT70V9MofL32lU=",
        "owner": "tinted-theming",
        "repo": "tinted-tmux",
        "rev": "3c32729ccae99be44fe8a125d20be06f8d7d8184",
        "type": "github"
      },
      "original": {
        "owner": "tinted-theming",
        "repo": "tinted-tmux",
        "type": "github"
      }
    },
    "tinted-zed": {
      "flake": false,
      "locked": {
        "lastModified": 1767488740,
        "narHash": "sha256-wVOj0qyil8m+ouSsVZcNjl5ZR+1GdOOAooAatQXHbuU=",
        "owner": "tinted-theming",
        "repo": "base16-zed",
        "rev": "11abb0b282ad3786a2aae088d3a01c60916f2e40",
        "type": "github"
      },
      "original": {
        "owner": "tinted-theming",
        "repo": "base16-zed",
        "type": "github"
      }
    },
    "xdph": {
      "inputs": {
        "hyprland-protocols": [
          "hy3",
          "hyprland",
          "hyprland-protocols"
        ],
        "hyprlang": [
          "hy3",
          "hyprland",
          "hyprlang"
        ],
        "hyprutils": [
          "hy3",
          "hyprland",
          "hyprutils"
        ],
        "hyprwayland-scanner": [
          "hy3",
          "hyprland",
          "hyprwayland-scanner"
        ],
        "nixpkgs": [
          "hy3",
          "hyprland",
          "nixpkgs"
        ],
        "systems": [
          "hy3",
          "hyprland",
          "systems"
        ]
      },
      "locked": {
        "lastModified": 1761431178,
        "narHash": "sha256-xzjC1CV3+wpUQKNF+GnadnkeGUCJX+vgaWIZsnz9tzI=",
        "owner": "hyprwm",
        "repo": "xdg-desktop-portal-hyprland",
        "rev": "4b8801228ff958d028f588f0c2b911dbf32297f9",
        "type": "github"
      },
      "original": {
        "owner": "hyprwm",
        "repo": "xdg-desktop-portal-hyprland",
        "type": "github"
      }
    }
  },
  "root": "root",
  "version": 7
}
